
Microsoft Visual Studio Solution File, Format Version 12.00
# Visual Studio Version 17
VisualStudioVersion = 17.11.35222.181
MinimumVisualStudioVersion = 10.0.40219.1
Project("{2150E333-8FDC-42A3-9474-1A3956D46DE8}") = "Ch04", "Ch04", "{3CC3B358-1BC4-408F-A93F-8C0EFC3E3EA0}"
EndProject
Project("{9A19103F-16F7-4668-BE54-9A1E7A4F7556}") = "Practice054", "Ch04\Practice054\Practice054.csproj", "{A38E36B5-707F-49B9-9AD3-D30A09B2508F}"
EndProject
Project("{9A19103F-16F7-4668-BE54-9A1E7A4F7556}") = "Practice055", "Ch04\Practice055\Practice055.csproj", "{43E66547-EB7D-4CAB-B259-992DC3C1C3C0}"
EndProject
Project("{9A19103F-16F7-4668-BE54-9A1E7A4F7556}") = "Practice056", "Ch04\Practice056\Practice056.csproj", "{99014F1A-DE19-4956-80F4-0A81B39FA4F2}"
EndProject
Project("{FAE04EC0-301F-11D3-BF4B-00C04F79EFBC}") = "Practice057", "Ch04\Practice057\Practice057.csproj", "{83E9BDCB-6827-438B-AF4B-06F9DF302DD8}"
EndProject
Project("{FAE04EC0-301F-11D3-BF4B-00C04F79EFBC}") = "Practice058", "Ch04\Practice058\Practice058.csproj", "{01939772-E060-4886-A4A0-9B6F3495696F}"
EndProject
Project("{FAE04EC0-301F-11D3-BF4B-00C04F79EFBC}") = "Practice059", "Ch04\Practice059\Practice059.csproj", "{385E4B93-98AF-4518-B259-D4ADD913E17D}"
EndProject
Project("{FAE04EC0-301F-11D3-BF4B-00C04F79EFBC}") = "Practice060", "Ch04\Practice060\Practice060.csproj", "{E152CACA-479F-491C-A2CF-E94509EEE05C}"
EndProject
Project("{FAE04EC0-301F-11D3-BF4B-00C04F79EFBC}") = "Practice061", "Ch04\Practice061\Practice061.csproj", "{C406DA57-F93C-4133-AFCE-FA0F66DE1397}"
EndProject
Project("{FAE04EC0-301F-11D3-BF4B-00C04F79EFBC}") = "Practice062", "Ch04\Practice062\Practice062.csproj", "{75B9E699-2EAE-4224-A8DF-F71BA524EF51}"
EndProject
Project("{FAE04EC0-301F-11D3-BF4B-00C04F79EFBC}") = "Practice063", "Ch04\Practice063\Practice063.csproj", "{7A5D60A8-7F3C-4F9D-A34D-1CE97D2A45A6}"
EndProject
Project("{FAE04EC0-301F-11D3-BF4B-00C04F79EFBC}") = "Practice064", "Ch04\Practice064\Practice064.csproj", "{9B66A036-332A-401D-9734-B0013F6670E5}"
EndProject
Global
	GlobalSection(SolutionConfigurationPlatforms) = preSolution
		Debug|Any CPU = Debug|Any CPU
		Release|Any CPU = Release|Any CPU
	EndGlobalSection
	GlobalSection(ProjectConfigurationPlatforms) = postSolution
		{A38E36B5-707F-49B9-9AD3-D30A09B2508F}.Debug|Any CPU.ActiveCfg = Debug|Any CPU
		{A38E36B5-707F-49B9-9AD3-D30A09B2508F}.Debug|Any CPU.Build.0 = Debug|Any CPU
		{A38E36B5-707F-49B9-9AD3-D30A09B2508F}.Release|Any CPU.ActiveCfg = Release|Any CPU
		{A38E36B5-707F-49B9-9AD3-D30A09B2508F}.Release|Any CPU.Build.0 = Release|Any CPU
		{43E66547-EB7D-4CAB-B259-992DC3C1C3C0}.Debug|Any CPU.ActiveCfg = Debug|Any CPU
		{43E66547-EB7D-4CAB-B259-992DC3C1C3C0}.Debug|Any CPU.Build.0 = Debug|Any CPU
		{43E66547-EB7D-4CAB-B259-992DC3C1C3C0}.Release|Any CPU.ActiveCfg = Release|Any CPU
		{43E66547-EB7D-4CAB-B259-992DC3C1C3C0}.Release|Any CPU.Build.0 = Release|Any CPU
		{99014F1A-DE19-4956-80F4-0A81B39FA4F2}.Debug|Any CPU.ActiveCfg = Debug|Any CPU
		{99014F1A-DE19-4956-80F4-0A81B39FA4F2}.Debug|Any CPU.Build.0 = Debug|Any CPU
		{99014F1A-DE19-4956-80F4-0A81B39FA4F2}.Release|Any CPU.ActiveCfg = Release|Any CPU
		{99014F1A-DE19-4956-80F4-0A81B39FA4F2}.Release|Any CPU.Build.0 = Release|Any CPU
		{83E9BDCB-6827-438B-AF4B-06F9DF302DD8}.Debug|Any CPU.ActiveCfg = Debug|Any CPU
		{83E9BDCB-6827-438B-AF4B-06F9DF302DD8}.Debug|Any CPU.Build.0 = Debug|Any CPU
		{83E9BDCB-6827-438B-AF4B-06F9DF302DD8}.Release|Any CPU.ActiveCfg = Release|Any CPU
		{83E9BDCB-6827-438B-AF4B-06F9DF302DD8}.Release|Any CPU.Build.0 = Release|Any CPU
		{01939772-E060-4886-A4A0-9B6F3495696F}.Debug|Any CPU.ActiveCfg = Debug|Any CPU
		{01939772-E060-4886-A4A0-9B6F3495696F}.Debug|Any CPU.Build.0 = Debug|Any CPU
		{01939772-E060-4886-A4A0-9B6F3495696F}.Release|Any CPU.ActiveCfg = Release|Any CPU
		{01939772-E060-4886-A4A0-9B6F3495696F}.Release|Any CPU.Build.0 = Release|Any CPU
		{385E4B93-98AF-4518-B259-D4ADD913E17D}.Debug|Any CPU.ActiveCfg = Debug|Any CPU
		{385E4B93-98AF-4518-B259-D4ADD913E17D}.Debug|Any CPU.Build.0 = Debug|Any CPU
		{385E4B93-98AF-4518-B259-D4ADD913E17D}.Release|Any CPU.ActiveCfg = Release|Any CPU
		{385E4B93-98AF-4518-B259-D4ADD913E17D}.Release|Any CPU.Build.0 = Release|Any CPU
		{E152CACA-479F-491C-A2CF-E94509EEE05C}.Debug|Any CPU.ActiveCfg = Debug|Any CPU
		{E152CACA-479F-491C-A2CF-E94509EEE05C}.Debug|Any CPU.Build.0 = Debug|Any CPU
		{E152CACA-479F-491C-A2CF-E94509EEE05C}.Release|Any CPU.ActiveCfg = Release|Any CPU
		{E152CACA-479F-491C-A2CF-E94509EEE05C}.Release|Any CPU.Build.0 = Release|Any CPU
		{C406DA57-F93C-4133-AFCE-FA0F66DE1397}.Debug|Any CPU.ActiveCfg = Debug|Any CPU
		{C406DA57-F93C-4133-AFCE-FA0F66DE1397}.Debug|Any CPU.Build.0 = Debug|Any CPU
		{C406DA57-F93C-4133-AFCE-FA0F66DE1397}.Release|Any CPU.ActiveCfg = Release|Any CPU
		{C406DA57-F93C-4133-AFCE-FA0F66DE1397}.Release|Any CPU.Build.0 = Release|Any CPU
		{75B9E699-2EAE-4224-A8DF-F71BA524EF51}.Debug|Any CPU.ActiveCfg = Debug|Any CPU
		{75B9E699-2EAE-4224-A8DF-F71BA524EF51}.Debug|Any CPU.Build.0 = Debug|Any CPU
		{75B9E699-2EAE-4224-A8DF-F71BA524EF51}.Release|Any CPU.ActiveCfg = Release|Any CPU
		{75B9E699-2EAE-4224-A8DF-F71BA524EF51}.Release|Any CPU.Build.0 = Release|Any CPU
		{7A5D60A8-7F3C-4F9D-A34D-1CE97D2A45A6}.Debug|Any CPU.ActiveCfg = Debug|Any CPU
		{7A5D60A8-7F3C-4F9D-A34D-1CE97D2A45A6}.Debug|Any CPU.Build.0 = Debug|Any CPU
		{7A5D60A8-7F3C-4F9D-A34D-1CE97D2A45A6}.Release|Any CPU.ActiveCfg = Release|Any CPU
		{7A5D60A8-7F3C-4F9D-A34D-1CE97D2A45A6}.Release|Any CPU.Build.0 = Release|Any CPU
		{9B66A036-332A-401D-9734-B0013F6670E5}.Debug|Any CPU.ActiveCfg = Debug|Any CPU
		{9B66A036-332A-401D-9734-B0013F6670E5}.Debug|Any CPU.Build.0 = Debug|Any CPU
		{9B66A036-332A-401D-9734-B0013F6670E5}.Release|Any CPU.ActiveCfg = Release|Any CPU
		{9B66A036-332A-401D-9734-B0013F6670E5}.Release|Any CPU.Build.0 = Release|Any CPU
	EndGlobalSection
	GlobalSection(SolutionProperties) = preSolution
		HideSolutionNode = FALSE
	EndGlobalSection
	GlobalSection(NestedProjects) = preSolution
		{A38E36B5-707F-49B9-9AD3-D30A09B2508F} = {3CC3B358-1BC4-408F-A93F-8C0EFC3E3EA0}
		{43E66547-EB7D-4CAB-B259-992DC3C1C3C0} = {3CC3B358-1BC4-408F-A93F-8C0EFC3E3EA0}
		{99014F1A-DE19-4956-80F4-0A81B39FA4F2} = {3CC3B358-1BC4-408F-A93F-8C0EFC3E3EA0}
		{83E9BDCB-6827-438B-AF4B-06F9DF302DD8} = {3CC3B358-1BC4-408F-A93F-8C0EFC3E3EA0}
		{01939772-E060-4886-A4A0-9B6F3495696F} = {3CC3B358-1BC4-408F-A93F-8C0EFC3E3EA0}
		{385E4B93-98AF-4518-B259-D4ADD913E17D} = {3CC3B358-1BC4-408F-A93F-8C0EFC3E3EA0}
		{E152CACA-479F-491C-A2CF-E94509EEE05C} = {3CC3B358-1BC4-408F-A93F-8C0EFC3E3EA0}
		{C406DA57-F93C-4133-AFCE-FA0F66DE1397} = {3CC3B358-1BC4-408F-A93F-8C0EFC3E3EA0}
		{75B9E699-2EAE-4224-A8DF-F71BA524EF51} = {3CC3B358-1BC4-408F-A93F-8C0EFC3E3EA0}
		{7A5D60A8-7F3C-4F9D-A34D-1CE97D2A45A6} = {3CC3B358-1BC4-408F-A93F-8C0EFC3E3EA0}
		{9B66A036-332A-401D-9734-B0013F6670E5} = {3CC3B358-1BC4-408F-A93F-8C0EFC3E3EA0}
	EndGlobalSection
	GlobalSection(ExtensibilityGlobals) = postSolution
		SolutionGuid = {FA9D59E3-5C14-42A7-A382-20B911A88CF5}
	EndGlobalSection
EndGlobal
