
Microsoft Visual Studio Solution File, Format Version 12.00
# Visual Studio Version 17
VisualStudioVersion = 17.11.35222.181
MinimumVisualStudioVersion = 10.0.40219.1
Project("{2150E333-8FDC-42A3-9474-1A3956D46DE8}") = "Ch04", "Ch04", "{3CC3B358-1BC4-408F-A93F-8C0EFC3E3EA0}"
EndProject
Project("{FAE04EC0-301F-11D3-BF4B-00C04F79EFBC}") = "Practice054", "Ch04\Practice054\Practice054.csproj", "{A38E36B5-707F-49B9-9AD3-D30A09B2508F}"
EndProject
Global
	GlobalSection(SolutionConfigurationPlatforms) = preSolution
		Debug|Any CPU = Debug|Any CPU
		Release|Any CPU = Release|Any CPU
	EndGlobalSection
	GlobalSection(ProjectConfigurationPlatforms) = postSolution
		{A38E36B5-707F-49B9-9AD3-D30A09B2508F}.Debug|Any CPU.ActiveCfg = Debug|Any CPU
		{A38E36B5-707F-49B9-9AD3-D30A09B2508F}.Debug|Any CPU.Build.0 = Debug|Any CPU
		{A38E36B5-707F-49B9-9AD3-D30A09B2508F}.Release|Any CPU.ActiveCfg = Release|Any CPU
		{A38E36B5-707F-49B9-9AD3-D30A09B2508F}.Release|Any CPU.Build.0 = Release|Any CPU
	EndGlobalSection
	GlobalSection(SolutionProperties) = preSolution
		HideSolutionNode = FALSE
	EndGlobalSection
	GlobalSection(NestedProjects) = preSolution
		{A38E36B5-707F-49B9-9AD3-D30A09B2508F} = {3CC3B358-1BC4-408F-A93F-8C0EFC3E3EA0}
	EndGlobalSection
	GlobalSection(ExtensibilityGlobals) = postSolution
		SolutionGuid = {FA9D59E3-5C14-42A7-A382-20B911A88CF5}
	EndGlobalSection
EndGlobal
